
Microsoft Visual Studio Solution File, Format Version 12.00
# Visual Studio Version 16
VisualStudioVersion = 16.0.29911.84
MinimumVisualStudioVersion = 10.0.40219.1
Project("{FAE04EC0-301F-11D3-BF4B-00C04F79EFBC}") = "Sistema de Vendas", "Sistema de Vendas\Sistema de Vendas.csproj", "{00DD3E37-E2BF-4640-A83D-73D9BD7C60C7}"
EndProject
Global
	GlobalSection(SolutionConfigurationPlatforms) = preSolution
		Debug|Any CPU = Debug|Any CPU
		Release|Any CPU = Release|Any CPU
	EndGlobalSection
	GlobalSection(ProjectConfigurationPlatforms) = postSolution
		{00DD3E37-E2BF-4640-A83D-73D9BD7C60C7}.Debug|Any CPU.ActiveCfg = Debug|Any CPU
		{00DD3E37-E2BF-4640-A83D-73D9BD7C60C7}.Debug|Any CPU.Build.0 = Debug|Any CPU
		{00DD3E37-E2BF-4640-A83D-73D9BD7C60C7}.Release|Any CPU.ActiveCfg = Release|Any CPU
		{00DD3E37-E2BF-4640-A83D-73D9BD7C60C7}.Release|Any CPU.Build.0 = Release|Any CPU
	EndGlobalSection
	GlobalSection(SolutionProperties) = preSolution
		HideSolutionNode = FALSE
	EndGlobalSection
	GlobalSection(ExtensibilityGlobals) = postSolution
		SolutionGuid = {01707D1A-5055-4B34-9157-203F456FAEE8}
	EndGlobalSection
EndGlobal
